
Microsoft Visual Studio Solution File, Format Version 12.00
# Visual Studio Version 17
VisualStudioVersion = 17.3.32929.385
MinimumVisualStudioVersion = 10.0.40219.1
Project("{FAE04EC0-301F-11D3-BF4B-00C04F79EFBC}") = "OtusHw11", "OtusHw11\OtusHw11.csproj", "{677C6AD6-A8DD-48AA-9DD0-296FB8735583}"
EndProject
Global
	GlobalSection(SolutionConfigurationPlatforms) = preSolution
		Debug|Any CPU = Debug|Any CPU
		Release|Any CPU = Release|Any CPU
	EndGlobalSection
	GlobalSection(ProjectConfigurationPlatforms) = postSolution
		{677C6AD6-A8DD-48AA-9DD0-296FB8735583}.Debug|Any CPU.ActiveCfg = Debug|Any CPU
		{677C6AD6-A8DD-48AA-9DD0-296FB8735583}.Debug|Any CPU.Build.0 = Debug|Any CPU
		{677C6AD6-A8DD-48AA-9DD0-296FB8735583}.Release|Any CPU.ActiveCfg = Release|Any CPU
		{677C6AD6-A8DD-48AA-9DD0-296FB8735583}.Release|Any CPU.Build.0 = Release|Any CPU
	EndGlobalSection
	GlobalSection(SolutionProperties) = preSolution
		HideSolutionNode = FALSE
	EndGlobalSection
	GlobalSection(ExtensibilityGlobals) = postSolution
		SolutionGuid = {C1BA0450-786D-4358-9E28-45047A2825F9}
	EndGlobalSection
EndGlobal
